
Microsoft Visual Studio Solution File, Format Version 12.00
# Visual Studio Version 17
VisualStudioVersion = 17.9.34607.119
MinimumVisualStudioVersion = 10.0.40219.1
Project("{FAE04EC0-301F-11D3-BF4B-00C04F79EFBC}") = "Library_backend", "Library_backend\Library_backend.csproj", "{64868A18-F0FE-470A-AA70-BF072E2072F0}"
EndProject
Global
	GlobalSection(SolutionConfigurationPlatforms) = preSolution
		Debug|Any CPU = Debug|Any CPU
		Release|Any CPU = Release|Any CPU
	EndGlobalSection
	GlobalSection(ProjectConfigurationPlatforms) = postSolution
		{64868A18-F0FE-470A-AA70-BF072E2072F0}.Debug|Any CPU.ActiveCfg = Debug|Any CPU
		{64868A18-F0FE-470A-AA70-BF072E2072F0}.Debug|Any CPU.Build.0 = Debug|Any CPU
		{64868A18-F0FE-470A-AA70-BF072E2072F0}.Release|Any CPU.ActiveCfg = Release|Any CPU
		{64868A18-F0FE-470A-AA70-BF072E2072F0}.Release|Any CPU.Build.0 = Release|Any CPU
	EndGlobalSection
	GlobalSection(SolutionProperties) = preSolution
		HideSolutionNode = FALSE
	EndGlobalSection
	GlobalSection(ExtensibilityGlobals) = postSolution
		SolutionGuid = {0FF01170-1B87-4FB4-8BF7-A4E0C94A6F07}
	EndGlobalSection
EndGlobal
